
Microsoft Visual Studio Solution File, Format Version 11.00
# Visual Studio 2010
Project("{FAE04EC0-301F-11D3-BF4B-00C04F79EFBC}") = "PortalVita", "Assembly-CSharp.csproj", "{282C7553-26D4-71A7-DE29-7B97555CF60D}"
EndProject
Project("{FAE04EC0-301F-11D3-BF4B-00C04F79EFBC}") = "PortalVita", "Assembly-CSharp-Editor.csproj", "{4EC0C55D-212D-9360-6A60-B13151C6C8B8}"
EndProject
Global
	GlobalSection(SolutionConfigurationPlatforms) = preSolution
		Debug|Any CPU = Debug|Any CPU
		Release|Any CPU = Release|Any CPU
	EndGlobalSection
	GlobalSection(ProjectConfigurationPlatforms) = postSolution
		{282C7553-26D4-71A7-DE29-7B97555CF60D}.Debug|Any CPU.ActiveCfg = Debug|Any CPU
		{282C7553-26D4-71A7-DE29-7B97555CF60D}.Debug|Any CPU.Build.0 = Debug|Any CPU
		{282C7553-26D4-71A7-DE29-7B97555CF60D}.Release|Any CPU.ActiveCfg = Release|Any CPU
		{282C7553-26D4-71A7-DE29-7B97555CF60D}.Release|Any CPU.Build.0 = Release|Any CPU
		{4EC0C55D-212D-9360-6A60-B13151C6C8B8}.Debug|Any CPU.ActiveCfg = Debug|Any CPU
		{4EC0C55D-212D-9360-6A60-B13151C6C8B8}.Debug|Any CPU.Build.0 = Debug|Any CPU
		{4EC0C55D-212D-9360-6A60-B13151C6C8B8}.Release|Any CPU.ActiveCfg = Release|Any CPU
		{4EC0C55D-212D-9360-6A60-B13151C6C8B8}.Release|Any CPU.Build.0 = Release|Any CPU
	EndGlobalSection
	GlobalSection(SolutionProperties) = preSolution
		HideSolutionNode = FALSE
	EndGlobalSection
	GlobalSection(MonoDevelopProperties) = preSolution
		StartupItem = Assembly-CSharp.csproj
	EndGlobalSection
EndGlobal
